
Microsoft Visual Studio Solution File, Format Version 12.00
# Visual Studio Version 17
VisualStudioVersion = 17.7.34031.279
MinimumVisualStudioVersion = 10.0.40219.1
Project("{2150E333-8FDC-42A3-9474-1A3956D46DE8}") = "Services", "Services", "{6B1E9EF3-F1AC-463A-BCDA-E26E318001F3}"
EndProject
Project("{2150E333-8FDC-42A3-9474-1A3956D46DE8}") = "Employee", "Employee", "{3AF63717-B26C-4777-A30D-1F382A10B95B}"
EndProject
Project("{2150E333-8FDC-42A3-9474-1A3956D46DE8}") = "Analytics", "Analytics", "{EBF20576-8DEF-45F9-A086-1D43D29E42DD}"
EndProject
Project("{2150E333-8FDC-42A3-9474-1A3956D46DE8}") = "Authentication", "Authentication", "{019258B6-C96A-4578-92E5-283DC9EA08C7}"
EndProject
Project("{9A19103F-16F7-4668-BE54-9A1E7A4F7556}") = "Employee.Api", "Services\Employee\Employee.Api\Employee.Api.csproj", "{9059D189-DF8F-4AE4-BD4B-4BC910A114C4}"
EndProject
Project("{9A19103F-16F7-4668-BE54-9A1E7A4F7556}") = "Employee.Application", "Services\Employee\Employee.Application\Employee.Application.csproj", "{E728CE2D-CDF3-4BBD-9C8D-9D48F47EBAB4}"
EndProject
Project("{9A19103F-16F7-4668-BE54-9A1E7A4F7556}") = "Authentication.Api", "Services\Authentication\Authentication.Api\Authentication.Api.csproj", "{2A8B2AF7-CD52-4D00-B2EE-8F1317EF1D0B}"
EndProject
Project("{9A19103F-16F7-4668-BE54-9A1E7A4F7556}") = "Analytics.Api", "Services\Analytics\Analytics.Api\Analytics.Api.csproj", "{0D0536DA-6A5C-409F-A92A-A5E60118435D}"
EndProject
Project("{9A19103F-16F7-4668-BE54-9A1E7A4F7556}") = "Employee.Domain", "Services\Employee\Employee.Domain\Employee.Domain.csproj", "{04B5CFD5-6E69-447C-AB38-90579789ED24}"
EndProject
Project("{9A19103F-16F7-4668-BE54-9A1E7A4F7556}") = "Employee.Infrastructure", "Services\Employee\Employee.Infrastructure\Employee.Infrastructure.csproj", "{44072B75-B81C-4F56-B4C4-2095CC6CF5B4}"
EndProject
Project("{2150E333-8FDC-42A3-9474-1A3956D46DE8}") = "Shared", "Shared", "{3A9120B9-7B04-4F0A-8F14-850E0E013E19}"
EndProject
Project("{9A19103F-16F7-4668-BE54-9A1E7A4F7556}") = "HRM.Shared", "HRM.Shared\HRM.Shared.csproj", "{99822A4F-412A-42D4-B0B0-AB0138C48171}"
EndProject
Project("{2150E333-8FDC-42A3-9474-1A3956D46DE8}") = "BuildingBlocks", "BuildingBlocks", "{88B48658-C22D-4305-9C1D-B374BA3030DA}"
EndProject
Project("{9A19103F-16F7-4668-BE54-9A1E7A4F7556}") = "BuildingBlock", "BuildingBlocks\BuildingBlock\BuildingBlock.csproj", "{C4CDD379-1352-4769-9A2B-CBBF803036B6}"
EndProject
Project("{9A19103F-16F7-4668-BE54-9A1E7A4F7556}") = "Authentication.Application", "Services\Authentication\Authentication.Application\Authentication.Application.csproj", "{58645445-AA6D-4E87-BDC8-5C3A5F799D63}"
EndProject
Project("{9A19103F-16F7-4668-BE54-9A1E7A4F7556}") = "Authentication.Domain", "Services\Authentication\Authentication.Domain\Authentication.Domain.csproj", "{A2D5A760-B0FD-4636-984F-8A11C03515EE}"
EndProject
Project("{9A19103F-16F7-4668-BE54-9A1E7A4F7556}") = "Authentication.Infrastructure", "Services\Authentication\Authentication.Infrastructure\Authentication.Infrastructure.csproj", "{2F0F117F-6F9F-407C-A23E-9DBD4C0A6C7B}"
EndProject
Project("{2150E333-8FDC-42A3-9474-1A3956D46DE8}") = "UI", "UI", "{AF50541D-7166-4A5A-86EC-64A03839FF87}"
EndProject
Project("{9A19103F-16F7-4668-BE54-9A1E7A4F7556}") = "HrmUi", "hrm-ui\HrmUi.csproj", "{90391AF4-427F-4E7B-9D35-18B908EF8642}"
EndProject
Project("{2150E333-8FDC-42A3-9474-1A3956D46DE8}") = "Api Gateway", "Api Gateway", "{D978D863-78EC-4041-A062-BFAAD148EC7C}"
EndProject
Project("{FAE04EC0-301F-11D3-BF4B-00C04F79EFBC}") = "Gateway.Api", "Api Gateway\Gateway.Api\Gateway.Api.csproj", "{AC4C2AE3-96AE-4AF9-B7DF-8CCF745C68D9}"
EndProject
Global
	GlobalSection(SolutionConfigurationPlatforms) = preSolution
		Debug|Any CPU = Debug|Any CPU
		Release|Any CPU = Release|Any CPU
	EndGlobalSection
	GlobalSection(ProjectConfigurationPlatforms) = postSolution
		{9059D189-DF8F-4AE4-BD4B-4BC910A114C4}.Debug|Any CPU.ActiveCfg = Debug|Any CPU
		{9059D189-DF8F-4AE4-BD4B-4BC910A114C4}.Debug|Any CPU.Build.0 = Debug|Any CPU
		{9059D189-DF8F-4AE4-BD4B-4BC910A114C4}.Release|Any CPU.ActiveCfg = Release|Any CPU
		{9059D189-DF8F-4AE4-BD4B-4BC910A114C4}.Release|Any CPU.Build.0 = Release|Any CPU
		{E728CE2D-CDF3-4BBD-9C8D-9D48F47EBAB4}.Debug|Any CPU.ActiveCfg = Debug|Any CPU
		{E728CE2D-CDF3-4BBD-9C8D-9D48F47EBAB4}.Debug|Any CPU.Build.0 = Debug|Any CPU
		{E728CE2D-CDF3-4BBD-9C8D-9D48F47EBAB4}.Release|Any CPU.ActiveCfg = Release|Any CPU
		{E728CE2D-CDF3-4BBD-9C8D-9D48F47EBAB4}.Release|Any CPU.Build.0 = Release|Any CPU
		{2A8B2AF7-CD52-4D00-B2EE-8F1317EF1D0B}.Debug|Any CPU.ActiveCfg = Debug|Any CPU
		{2A8B2AF7-CD52-4D00-B2EE-8F1317EF1D0B}.Debug|Any CPU.Build.0 = Debug|Any CPU
		{2A8B2AF7-CD52-4D00-B2EE-8F1317EF1D0B}.Release|Any CPU.ActiveCfg = Release|Any CPU
		{2A8B2AF7-CD52-4D00-B2EE-8F1317EF1D0B}.Release|Any CPU.Build.0 = Release|Any CPU
		{0D0536DA-6A5C-409F-A92A-A5E60118435D}.Debug|Any CPU.ActiveCfg = Debug|Any CPU
		{0D0536DA-6A5C-409F-A92A-A5E60118435D}.Debug|Any CPU.Build.0 = Debug|Any CPU
		{0D0536DA-6A5C-409F-A92A-A5E60118435D}.Release|Any CPU.ActiveCfg = Release|Any CPU
		{0D0536DA-6A5C-409F-A92A-A5E60118435D}.Release|Any CPU.Build.0 = Release|Any CPU
		{04B5CFD5-6E69-447C-AB38-90579789ED24}.Debug|Any CPU.ActiveCfg = Debug|Any CPU
		{04B5CFD5-6E69-447C-AB38-90579789ED24}.Debug|Any CPU.Build.0 = Debug|Any CPU
		{04B5CFD5-6E69-447C-AB38-90579789ED24}.Release|Any CPU.ActiveCfg = Release|Any CPU
		{04B5CFD5-6E69-447C-AB38-90579789ED24}.Release|Any CPU.Build.0 = Release|Any CPU
		{44072B75-B81C-4F56-B4C4-2095CC6CF5B4}.Debug|Any CPU.ActiveCfg = Debug|Any CPU
		{44072B75-B81C-4F56-B4C4-2095CC6CF5B4}.Debug|Any CPU.Build.0 = Debug|Any CPU
		{44072B75-B81C-4F56-B4C4-2095CC6CF5B4}.Release|Any CPU.ActiveCfg = Release|Any CPU
		{44072B75-B81C-4F56-B4C4-2095CC6CF5B4}.Release|Any CPU.Build.0 = Release|Any CPU
		{99822A4F-412A-42D4-B0B0-AB0138C48171}.Debug|Any CPU.ActiveCfg = Debug|Any CPU
		{99822A4F-412A-42D4-B0B0-AB0138C48171}.Debug|Any CPU.Build.0 = Debug|Any CPU
		{99822A4F-412A-42D4-B0B0-AB0138C48171}.Release|Any CPU.ActiveCfg = Release|Any CPU
		{99822A4F-412A-42D4-B0B0-AB0138C48171}.Release|Any CPU.Build.0 = Release|Any CPU
		{C4CDD379-1352-4769-9A2B-CBBF803036B6}.Debug|Any CPU.ActiveCfg = Debug|Any CPU
		{C4CDD379-1352-4769-9A2B-CBBF803036B6}.Debug|Any CPU.Build.0 = Debug|Any CPU
		{C4CDD379-1352-4769-9A2B-CBBF803036B6}.Release|Any CPU.ActiveCfg = Release|Any CPU
		{C4CDD379-1352-4769-9A2B-CBBF803036B6}.Release|Any CPU.Build.0 = Release|Any CPU
		{58645445-AA6D-4E87-BDC8-5C3A5F799D63}.Debug|Any CPU.ActiveCfg = Debug|Any CPU
		{58645445-AA6D-4E87-BDC8-5C3A5F799D63}.Debug|Any CPU.Build.0 = Debug|Any CPU
		{58645445-AA6D-4E87-BDC8-5C3A5F799D63}.Release|Any CPU.ActiveCfg = Release|Any CPU
		{58645445-AA6D-4E87-BDC8-5C3A5F799D63}.Release|Any CPU.Build.0 = Release|Any CPU
		{A2D5A760-B0FD-4636-984F-8A11C03515EE}.Debug|Any CPU.ActiveCfg = Debug|Any CPU
		{A2D5A760-B0FD-4636-984F-8A11C03515EE}.Debug|Any CPU.Build.0 = Debug|Any CPU
		{A2D5A760-B0FD-4636-984F-8A11C03515EE}.Release|Any CPU.ActiveCfg = Release|Any CPU
		{A2D5A760-B0FD-4636-984F-8A11C03515EE}.Release|Any CPU.Build.0 = Release|Any CPU
		{2F0F117F-6F9F-407C-A23E-9DBD4C0A6C7B}.Debug|Any CPU.ActiveCfg = Debug|Any CPU
		{2F0F117F-6F9F-407C-A23E-9DBD4C0A6C7B}.Debug|Any CPU.Build.0 = Debug|Any CPU
		{2F0F117F-6F9F-407C-A23E-9DBD4C0A6C7B}.Release|Any CPU.ActiveCfg = Release|Any CPU
		{2F0F117F-6F9F-407C-A23E-9DBD4C0A6C7B}.Release|Any CPU.Build.0 = Release|Any CPU
		{90391AF4-427F-4E7B-9D35-18B908EF8642}.Debug|Any CPU.ActiveCfg = Debug|Any CPU
		{90391AF4-427F-4E7B-9D35-18B908EF8642}.Debug|Any CPU.Build.0 = Debug|Any CPU
		{90391AF4-427F-4E7B-9D35-18B908EF8642}.Release|Any CPU.ActiveCfg = Release|Any CPU
		{90391AF4-427F-4E7B-9D35-18B908EF8642}.Release|Any CPU.Build.0 = Release|Any CPU
		{AC4C2AE3-96AE-4AF9-B7DF-8CCF745C68D9}.Debug|Any CPU.ActiveCfg = Debug|Any CPU
		{AC4C2AE3-96AE-4AF9-B7DF-8CCF745C68D9}.Debug|Any CPU.Build.0 = Debug|Any CPU
		{AC4C2AE3-96AE-4AF9-B7DF-8CCF745C68D9}.Release|Any CPU.ActiveCfg = Release|Any CPU
		{AC4C2AE3-96AE-4AF9-B7DF-8CCF745C68D9}.Release|Any CPU.Build.0 = Release|Any CPU
	EndGlobalSection
	GlobalSection(SolutionProperties) = preSolution
		HideSolutionNode = FALSE
	EndGlobalSection
	GlobalSection(NestedProjects) = preSolution
		{3AF63717-B26C-4777-A30D-1F382A10B95B} = {6B1E9EF3-F1AC-463A-BCDA-E26E318001F3}
		{EBF20576-8DEF-45F9-A086-1D43D29E42DD} = {6B1E9EF3-F1AC-463A-BCDA-E26E318001F3}
		{019258B6-C96A-4578-92E5-283DC9EA08C7} = {6B1E9EF3-F1AC-463A-BCDA-E26E318001F3}
		{9059D189-DF8F-4AE4-BD4B-4BC910A114C4} = {3AF63717-B26C-4777-A30D-1F382A10B95B}
		{E728CE2D-CDF3-4BBD-9C8D-9D48F47EBAB4} = {3AF63717-B26C-4777-A30D-1F382A10B95B}
		{2A8B2AF7-CD52-4D00-B2EE-8F1317EF1D0B} = {019258B6-C96A-4578-92E5-283DC9EA08C7}
		{0D0536DA-6A5C-409F-A92A-A5E60118435D} = {EBF20576-8DEF-45F9-A086-1D43D29E42DD}
		{04B5CFD5-6E69-447C-AB38-90579789ED24} = {3AF63717-B26C-4777-A30D-1F382A10B95B}
		{44072B75-B81C-4F56-B4C4-2095CC6CF5B4} = {3AF63717-B26C-4777-A30D-1F382A10B95B}
		{99822A4F-412A-42D4-B0B0-AB0138C48171} = {3A9120B9-7B04-4F0A-8F14-850E0E013E19}
		{C4CDD379-1352-4769-9A2B-CBBF803036B6} = {88B48658-C22D-4305-9C1D-B374BA3030DA}
		{58645445-AA6D-4E87-BDC8-5C3A5F799D63} = {019258B6-C96A-4578-92E5-283DC9EA08C7}
		{A2D5A760-B0FD-4636-984F-8A11C03515EE} = {019258B6-C96A-4578-92E5-283DC9EA08C7}
		{2F0F117F-6F9F-407C-A23E-9DBD4C0A6C7B} = {019258B6-C96A-4578-92E5-283DC9EA08C7}
		{90391AF4-427F-4E7B-9D35-18B908EF8642} = {AF50541D-7166-4A5A-86EC-64A03839FF87}
		{AC4C2AE3-96AE-4AF9-B7DF-8CCF745C68D9} = {D978D863-78EC-4041-A062-BFAAD148EC7C}
	EndGlobalSection
	GlobalSection(ExtensibilityGlobals) = postSolution
		SolutionGuid = {2A7549A8-3901-4A32-B7AC-8D07BF063C86}
	EndGlobalSection
EndGlobal
